{
  "version": 4,
  "terraform_version": "1.2.0",
  "serial": 85,
  "lineage": "e30a84d2-9e35-0d31-04f9-ac440757f64b",
  "outputs": {
    "external_ip_master": {
      "value": [
        "51.250.72.21"
      ],
      "type": [
        "tuple",
        [
          "string"
        ]
      ]
    },
    "external_ip_worker": {
      "value": [
        "51.250.69.145",
        "51.250.64.60"
      ],
      "type": [
        "tuple",
        [
          "string",
          "string"
        ]
      ]
    },
    "internal_ip_master": {
      "value": [
        "192.168.10.11"
      ],
      "type": [
        "tuple",
        [
          "string"
        ]
      ]
    },
    "internal_ip_worker": {
      "value": [
        "192.168.10.32",
        "192.168.10.13"
      ],
      "type": [
        "tuple",
        [
          "string",
          "string"
        ]
      ]
    }
  },
  "resources": [
    {
      "mode": "managed",
      "type": "yandex_compute_instance",
      "name": "master",
      "provider": "provider[\"terraform-registry.storage.yandexcloud.net/yandex-cloud/yandex\"]",
      "instances": [
        {
          "index_key": 0,
          "schema_version": 1,
          "attributes": {
            "allow_stopping_for_update": null,
            "boot_disk": [
              {
                "auto_delete": true,
                "device_name": "fhmtbtijulnga4lp0ov2",
                "disk_id": "fhmtbtijulnga4lp0ov2",
                "initialize_params": [
                  {
                    "block_size": 4096,
                    "description": "",
                    "image_id": "fd8mfc6omiki5govl68h",
                    "name": "",
                    "size": 50,
                    "snapshot_id": "",
                    "type": "network-hdd"
                  }
                ],
                "mode": "READ_WRITE"
              }
            ],
            "created_at": "2022-03-28T06:24:29Z",
            "description": "",
            "folder_id": "b1g1vtqqr31t61bch70q",
            "fqdn": "fhmave04s2tt2e8m4t42.auto.internal",
            "hostname": "fhmave04s2tt2e8m4t42",
            "id": "fhmave04s2tt2e8m4t42",
            "labels": null,
            "metadata": {
              "ssh-keys": "ubuntu:ssh-rsa AAAAB3NzaC1yc2EAAAADAQABAAABgQDCxDhg6n+T+x2tZ6Bf55jz37bRBI9sXsK/lGY4nG3sludcvKf6xkWMBAA4NwBkLwR0ZxDLIJmo88z8XRmJNBE3OjavtcBv+rscjBOMYKLrToaKE1D7qT9lWs8RHGrgu1UTAx/YhSCYzIrcTfcft2iUTPlbRhURxkZnKKvhttJZe4gv4llEeghiyOhdKAHrAiTShqo4wCt1EExOT/8UwsBAST1H3O3WYsTWyYtz6LQ2w/Ck5eEiq3In47P6EFaNCk2Hy7Y1cbfFhFRMKWPfuAGzTiWBwwt6mmWFNAl7gukf/OkLCWXn8xcyuNpuzhFbXVYZoSP7PsERpXGJTwHFABk5HQJ/Up7wKc5gXI/iky1CfiS6fhk5Icb+gH0vpXIut8FHqH5BBPzJbvBklvumKAIlA/k+kllOvEPnGKbyj/cDVjm4B8a/aOuDpT33N/3/7ZU/VB0Rf7IboSY+LVqBwUsBf3lttGxZweL0q3ofsbbLG2fghX5sx6pY3n8D+Nocbjk=\n"
            },
            "name": "master-0",
            "network_acceleration_type": "standard",
            "network_interface": [
              {
                "dns_record": [],
                "index": 0,
                "ip_address": "192.168.10.11",
                "ipv4": true,
                "ipv6": false,
                "ipv6_address": "",
                "ipv6_dns_record": [],
                "mac_address": "d0:0d:af:b8:04:e0",
                "nat": true,
                "nat_dns_record": [],
                "nat_ip_address": "51.250.72.21",
                "nat_ip_version": "IPV4",
                "security_group_ids": [],
                "subnet_id": "e9bm03njnv3css5tv043"
              }
            ],
            "placement_policy": [
              {
                "placement_group_id": ""
              }
            ],
            "platform_id": "standard-v1",
            "resources": [
              {
                "core_fraction": 100,
                "cores": 4,
                "gpus": 0,
                "memory": 4
              }
            ],
            "scheduling_policy": [
              {
                "preemptible": false
              }
            ],
            "secondary_disk": [],
            "service_account_id": "",
            "status": "running",
            "timeouts": null,
            "zone": "ru-central1-a"
          },
          "sensitive_attributes": [],
          "private": "eyJlMmJmYjczMC1lY2FhLTExZTYtOGY4OC0zNDM2M2JjN2M0YzAiOnsiY3JlYXRlIjozMDAwMDAwMDAwMDAsImRlbGV0ZSI6MzAwMDAwMDAwMDAwLCJ1cGRhdGUiOjMwMDAwMDAwMDAwMH0sInNjaGVtYV92ZXJzaW9uIjoiMSJ9",
          "dependencies": [
            "yandex_vpc_network.network-1",
            "yandex_vpc_subnet.subnet-1"
          ]
        }
      ]
    },
    {
      "mode": "managed",
      "type": "yandex_compute_instance",
      "name": "worker",
      "provider": "provider[\"terraform-registry.storage.yandexcloud.net/yandex-cloud/yandex\"]",
      "instances": [
        {
          "index_key": 0,
          "schema_version": 1,
          "attributes": {
            "allow_stopping_for_update": null,
            "boot_disk": [
              {
                "auto_delete": true,
                "device_name": "fhm5emmqg6tn4g1m0idu",
                "disk_id": "fhm5emmqg6tn4g1m0idu",
                "initialize_params": [
                  {
                    "block_size": 4096,
                    "description": "",
                    "image_id": "fd8mfc6omiki5govl68h",
                    "name": "",
                    "size": 100,
                    "snapshot_id": "",
                    "type": "network-hdd"
                  }
                ],
                "mode": "READ_WRITE"
              }
            ],
            "created_at": "2022-03-28T06:24:29Z",
            "description": "",
            "folder_id": "b1g1vtqqr31t61bch70q",
            "fqdn": "fhmhe1oe9dvj0d8cau1s.auto.internal",
            "hostname": "fhmhe1oe9dvj0d8cau1s",
            "id": "fhmhe1oe9dvj0d8cau1s",
            "labels": null,
            "metadata": {
              "ssh-keys": "ubuntu:ssh-rsa AAAAB3NzaC1yc2EAAAADAQABAAABgQDCxDhg6n+T+x2tZ6Bf55jz37bRBI9sXsK/lGY4nG3sludcvKf6xkWMBAA4NwBkLwR0ZxDLIJmo88z8XRmJNBE3OjavtcBv+rscjBOMYKLrToaKE1D7qT9lWs8RHGrgu1UTAx/YhSCYzIrcTfcft2iUTPlbRhURxkZnKKvhttJZe4gv4llEeghiyOhdKAHrAiTShqo4wCt1EExOT/8UwsBAST1H3O3WYsTWyYtz6LQ2w/Ck5eEiq3In47P6EFaNCk2Hy7Y1cbfFhFRMKWPfuAGzTiWBwwt6mmWFNAl7gukf/OkLCWXn8xcyuNpuzhFbXVYZoSP7PsERpXGJTwHFABk5HQJ/Up7wKc5gXI/iky1CfiS6fhk5Icb+gH0vpXIut8FHqH5BBPzJbvBklvumKAIlA/k+kllOvEPnGKbyj/cDVjm4B8a/aOuDpT33N/3/7ZU/VB0Rf7IboSY+LVqBwUsBf3lttGxZweL0q3ofsbbLG2fghX5sx6pY3n8D+Nocbjk=\n"
            },
            "name": "worker-0",
            "network_acceleration_type": "standard",
            "network_interface": [
              {
                "dns_record": [],
                "index": 0,
                "ip_address": "192.168.10.32",
                "ipv4": true,
                "ipv6": false,
                "ipv6_address": "",
                "ipv6_dns_record": [],
                "mac_address": "d0:0d:11:70:70:e4",
                "nat": true,
                "nat_dns_record": [],
                "nat_ip_address": "51.250.69.145",
                "nat_ip_version": "IPV4",
                "security_group_ids": [],
                "subnet_id": "e9bm03njnv3css5tv043"
              }
            ],
            "placement_policy": [
              {
                "placement_group_id": ""
              }
            ],
            "platform_id": "standard-v1",
            "resources": [
              {
                "core_fraction": 100,
                "cores": 2,
                "gpus": 0,
                "memory": 2
              }
            ],
            "scheduling_policy": [
              {
                "preemptible": false
              }
            ],
            "secondary_disk": [],
            "service_account_id": "",
            "status": "running",
            "timeouts": null,
            "zone": "ru-central1-a"
          },
          "sensitive_attributes": [],
          "private": "eyJlMmJmYjczMC1lY2FhLTExZTYtOGY4OC0zNDM2M2JjN2M0YzAiOnsiY3JlYXRlIjozMDAwMDAwMDAwMDAsImRlbGV0ZSI6MzAwMDAwMDAwMDAwLCJ1cGRhdGUiOjMwMDAwMDAwMDAwMH0sInNjaGVtYV92ZXJzaW9uIjoiMSJ9",
          "dependencies": [
            "yandex_vpc_network.network-1",
            "yandex_vpc_subnet.subnet-1"
          ]
        },
        {
          "index_key": 1,
          "schema_version": 1,
          "attributes": {
            "allow_stopping_for_update": null,
            "boot_disk": [
              {
                "auto_delete": true,
                "device_name": "fhmdv875c1p2u4k34aud",
                "disk_id": "fhmdv875c1p2u4k34aud",
                "initialize_params": [
                  {
                    "block_size": 4096,
                    "description": "",
                    "image_id": "fd8mfc6omiki5govl68h",
                    "name": "",
                    "size": 100,
                    "snapshot_id": "",
                    "type": "network-hdd"
                  }
                ],
                "mode": "READ_WRITE"
              }
            ],
            "created_at": "2022-03-28T06:24:29Z",
            "description": "",
            "folder_id": "b1g1vtqqr31t61bch70q",
            "fqdn": "fhm2ujos2m2aaescd9bl.auto.internal",
            "hostname": "fhm2ujos2m2aaescd9bl",
            "id": "fhm2ujos2m2aaescd9bl",
            "labels": null,
            "metadata": {
              "ssh-keys": "ubuntu:ssh-rsa AAAAB3NzaC1yc2EAAAADAQABAAABgQDCxDhg6n+T+x2tZ6Bf55jz37bRBI9sXsK/lGY4nG3sludcvKf6xkWMBAA4NwBkLwR0ZxDLIJmo88z8XRmJNBE3OjavtcBv+rscjBOMYKLrToaKE1D7qT9lWs8RHGrgu1UTAx/YhSCYzIrcTfcft2iUTPlbRhURxkZnKKvhttJZe4gv4llEeghiyOhdKAHrAiTShqo4wCt1EExOT/8UwsBAST1H3O3WYsTWyYtz6LQ2w/Ck5eEiq3In47P6EFaNCk2Hy7Y1cbfFhFRMKWPfuAGzTiWBwwt6mmWFNAl7gukf/OkLCWXn8xcyuNpuzhFbXVYZoSP7PsERpXGJTwHFABk5HQJ/Up7wKc5gXI/iky1CfiS6fhk5Icb+gH0vpXIut8FHqH5BBPzJbvBklvumKAIlA/k+kllOvEPnGKbyj/cDVjm4B8a/aOuDpT33N/3/7ZU/VB0Rf7IboSY+LVqBwUsBf3lttGxZweL0q3ofsbbLG2fghX5sx6pY3n8D+Nocbjk=\n"
            },
            "name": "worker-1",
            "network_acceleration_type": "standard",
            "network_interface": [
              {
                "dns_record": [],
                "index": 0,
                "ip_address": "192.168.10.13",
                "ipv4": true,
                "ipv6": false,
                "ipv6_address": "",
                "ipv6_dns_record": [],
                "mac_address": "d0:0d:2f:4f:1c:15",
                "nat": true,
                "nat_dns_record": [],
                "nat_ip_address": "51.250.64.60",
                "nat_ip_version": "IPV4",
                "security_group_ids": [],
                "subnet_id": "e9bm03njnv3css5tv043"
              }
            ],
            "placement_policy": [
              {
                "placement_group_id": ""
              }
            ],
            "platform_id": "standard-v1",
            "resources": [
              {
                "core_fraction": 100,
                "cores": 2,
                "gpus": 0,
                "memory": 2
              }
            ],
            "scheduling_policy": [
              {
                "preemptible": false
              }
            ],
            "secondary_disk": [],
            "service_account_id": "",
            "status": "running",
            "timeouts": null,
            "zone": "ru-central1-a"
          },
          "sensitive_attributes": [],
          "private": "eyJlMmJmYjczMC1lY2FhLTExZTYtOGY4OC0zNDM2M2JjN2M0YzAiOnsiY3JlYXRlIjozMDAwMDAwMDAwMDAsImRlbGV0ZSI6MzAwMDAwMDAwMDAwLCJ1cGRhdGUiOjMwMDAwMDAwMDAwMH0sInNjaGVtYV92ZXJzaW9uIjoiMSJ9",
          "dependencies": [
            "yandex_vpc_network.network-1",
            "yandex_vpc_subnet.subnet-1"
          ]
        }
      ]
    },
    {
      "mode": "managed",
      "type": "yandex_vpc_network",
      "name": "network-1",
      "provider": "provider[\"terraform-registry.storage.yandexcloud.net/yandex-cloud/yandex\"]",
      "instances": [
        {
          "schema_version": 0,
          "attributes": {
            "created_at": "2022-03-28T06:24:27Z",
            "default_security_group_id": "",
            "description": "",
            "folder_id": "b1g1vtqqr31t61bch70q",
            "id": "enpht4n0fbucbmam9hrr",
            "labels": {},
            "name": "network1",
            "subnet_ids": [],
            "timeouts": null
          },
          "sensitive_attributes": [],
          "private": "eyJlMmJmYjczMC1lY2FhLTExZTYtOGY4OC0zNDM2M2JjN2M0YzAiOnsiY3JlYXRlIjo2MDAwMDAwMDAwMCwiZGVsZXRlIjo2MDAwMDAwMDAwMCwidXBkYXRlIjo2MDAwMDAwMDAwMH19"
        }
      ]
    },
    {
      "mode": "managed",
      "type": "yandex_vpc_subnet",
      "name": "subnet-1",
      "provider": "provider[\"terraform-registry.storage.yandexcloud.net/yandex-cloud/yandex\"]",
      "instances": [
        {
          "schema_version": 0,
          "attributes": {
            "created_at": "2022-03-28T06:24:28Z",
            "description": "",
            "dhcp_options": [],
            "folder_id": "b1g1vtqqr31t61bch70q",
            "id": "e9bm03njnv3css5tv043",
            "labels": {},
            "name": "subnet1",
            "network_id": "enpht4n0fbucbmam9hrr",
            "route_table_id": "",
            "timeouts": null,
            "v4_cidr_blocks": [
              "192.168.10.0/24"
            ],
            "v6_cidr_blocks": [],
            "zone": "ru-central1-a"
          },
          "sensitive_attributes": [],
          "private": "eyJlMmJmYjczMC1lY2FhLTExZTYtOGY4OC0zNDM2M2JjN2M0YzAiOnsiY3JlYXRlIjoxODAwMDAwMDAwMDAsImRlbGV0ZSI6MTgwMDAwMDAwMDAwLCJ1cGRhdGUiOjE4MDAwMDAwMDAwMH19",
          "dependencies": [
            "yandex_vpc_network.network-1"
          ]
        }
      ]
    }
  ]
}
